
Microsoft Visual Studio Solution File, Format Version 12.00
# Visual Studio Version 17
VisualStudioVersion = 17.1.32421.90
MinimumVisualStudioVersion = 10.0.40219.1
Project("{9A19103F-16F7-4668-BE54-9A1E7A4F7556}") = "KVDB.CLI", "KVDB.CLI\KVDB.CLI.csproj", "{DB1286E8-711D-4E77-ADFC-E6BFE7B081DD}"
EndProject
Project("{9A19103F-16F7-4668-BE54-9A1E7A4F7556}") = "KVDB", "KVDB\KVDB.csproj", "{30EF9C3A-6920-4088-8FF6-2033A7A9E165}"
EndProject
Project("{2150E333-8FDC-42A3-9474-1A3956D46DE8}") = "Solution Items", "Solution Items", "{55A8D8E0-5EF2-4546-9ADE-BE28296A9B3E}"
	ProjectSection(SolutionItems) = preProject
		README.md = README.md
	EndProjectSection
EndProject
Project("{FAE04EC0-301F-11D3-BF4B-00C04F79EFBC}") = "KVDB.WebAPI", "KVDB.WebAPI\KVDB.WebAPI.csproj", "{2FEF3614-2302-4170-B9E1-E2DFC10FEAEC}"
EndProject
Global
	GlobalSection(SolutionConfigurationPlatforms) = preSolution
		Debug|Any CPU = Debug|Any CPU
		Release|Any CPU = Release|Any CPU
	EndGlobalSection
	GlobalSection(ProjectConfigurationPlatforms) = postSolution
		{DB1286E8-711D-4E77-ADFC-E6BFE7B081DD}.Debug|Any CPU.ActiveCfg = Debug|Any CPU
		{DB1286E8-711D-4E77-ADFC-E6BFE7B081DD}.Debug|Any CPU.Build.0 = Debug|Any CPU
		{DB1286E8-711D-4E77-ADFC-E6BFE7B081DD}.Release|Any CPU.ActiveCfg = Release|Any CPU
		{DB1286E8-711D-4E77-ADFC-E6BFE7B081DD}.Release|Any CPU.Build.0 = Release|Any CPU
		{30EF9C3A-6920-4088-8FF6-2033A7A9E165}.Debug|Any CPU.ActiveCfg = Debug|Any CPU
		{30EF9C3A-6920-4088-8FF6-2033A7A9E165}.Debug|Any CPU.Build.0 = Debug|Any CPU
		{30EF9C3A-6920-4088-8FF6-2033A7A9E165}.Release|Any CPU.ActiveCfg = Release|Any CPU
		{30EF9C3A-6920-4088-8FF6-2033A7A9E165}.Release|Any CPU.Build.0 = Release|Any CPU
		{2FEF3614-2302-4170-B9E1-E2DFC10FEAEC}.Debug|Any CPU.ActiveCfg = Debug|Any CPU
		{2FEF3614-2302-4170-B9E1-E2DFC10FEAEC}.Debug|Any CPU.Build.0 = Debug|Any CPU
		{2FEF3614-2302-4170-B9E1-E2DFC10FEAEC}.Release|Any CPU.ActiveCfg = Release|Any CPU
		{2FEF3614-2302-4170-B9E1-E2DFC10FEAEC}.Release|Any CPU.Build.0 = Release|Any CPU
	EndGlobalSection
	GlobalSection(SolutionProperties) = preSolution
		HideSolutionNode = FALSE
	EndGlobalSection
	GlobalSection(ExtensibilityGlobals) = postSolution
		SolutionGuid = {E9A5BDF5-8422-416F-81BA-A19B27135630}
	EndGlobalSection
EndGlobal
